hash: 8ad028198587ad691804c667772b773def3ca9fdfbae1fd132c5aaa5aa81ae2e
updated: 2018-02-09T14:09:34.029006743Z
imports:
- name: github.com/ReconfigureIO/sdaccel
  version: e93e5713d49cc1354dcd1d35cfaef85ba151e0a3
  subpackages:
  - axi/arbitrate
  - axi/memory
  - axi/protocol
  - xcl
testImports: []
