hash: 8dae7d4b554c5dc4203a6aea5fcb855a3786d9b06d9a68dd567dee82c31071e3
updated: 2018-08-27T21:50:34.393745+01:00
imports:
- name: github.com/ReconfigureIO/sdaccel
  version: 59bbcfa609e6dbc4af7ae0fbae373844f0a8ca3e
  subpackages:
  - axi/arbitrate
  - axi/memory
  - axi/protocol
  - smi
  - xcl
testImports: []
